// !$*UTF8*$!
{
	archiveVersion = 1;
	classes = {
	};
	objectVersion = 56;
	objects = {

/* Begin PBXBuildFile section */
		5604A8A629447EF1000D3212 /* test.cpp in Sources */ = {isa = PBXBuildFile; fileRef = 5604A8A429447EF1000D3212 /* test.cpp */; };
		5604A8EB2944814B000D3212 /* Memory.cpp in Sources */ = {isa = PBXBuildFile; fileRef = 5604A8E92944814B000D3212 /* Memory.cpp */; };
		5604A8F529449D94000D3212 /* Func.cpp in Sources */ = {isa = PBXBuildFile; fileRef = 5604A8F329449D94000D3212 /* Func.cpp */; };
		5604A8F82945BB57000D3212 /* Simulator.cpp in Sources */ = {isa = PBXBuildFile; fileRef = 5604A8F62945BB57000D3212 /* Simulator.cpp */; };
		5604A9052945BDAF000D3212 /* Decode.cpp in Sources */ = {isa = PBXBuildFile; fileRef = 5604A9032945BDAF000D3212 /* Decode.cpp */; };
		5604A9082945C3A0000D3212 /* Core.cpp in Sources */ = {isa = PBXBuildFile; fileRef = 5604A9062945C3A0000D3212 /* Core.cpp */; };
		5604A90B2945C6E7000D3212 /* Bus.cpp in Sources */ = {isa = PBXBuildFile; fileRef = 5604A9092945C6E7000D3212 /* Bus.cpp */; };
		5604A9112945EA94000D3212 /* InstructionBlock.cpp in Sources */ = {isa = PBXBuildFile; fileRef = 5604A90F2945EA94000D3212 /* InstructionBlock.cpp */; };
		5604A9142945FB3E000D3212 /* PCGen.cpp in Sources */ = {isa = PBXBuildFile; fileRef = 5604A9122945FB3E000D3212 /* PCGen.cpp */; };
		5604A9172945FD85000D3212 /* Fetch.cpp in Sources */ = {isa = PBXBuildFile; fileRef = 5604A9152945FD85000D3212 /* Fetch.cpp */; };
		56211A8C29443F3B005B34B2 /* main.cpp in Sources */ = {isa = PBXBuildFile; fileRef = 56211A8B29443F3B005B34B2 /* main.cpp */; };
/* End PBXBuildFile section */

/* Begin PBXCopyFilesBuildPhase section */
		56211A8629443F3B005B34B2 /* CopyFiles */ = {
			isa = PBXCopyFilesBuildPhase;
			buildActionMask = 2147483647;
			dstPath = /usr/share/man/man1/;
			dstSubfolderSpec = 0;
			files = (
			);
			runOnlyForDeploymentPostprocessing = 1;
		};
/* End PBXCopyFilesBuildPhase section */

/* Begin PBXFileReference section */
		5604A8A429447EF1000D3212 /* test.cpp */ = {isa = PBXFileReference; lastKnownFileType = sourcecode.cpp.cpp; path = test.cpp; sourceTree = "<group>"; };
		5604A8A529447EF1000D3212 /* test.hpp */ = {isa = PBXFileReference; lastKnownFileType = sourcecode.cpp.h; path = test.hpp; sourceTree = "<group>"; };
		5604A8E92944814B000D3212 /* Memory.cpp */ = {isa = PBXFileReference; lastKnownFileType = sourcecode.cpp.cpp; path = Memory.cpp; sourceTree = "<group>"; };
		5604A8EA2944814B000D3212 /* Memory.hpp */ = {isa = PBXFileReference; lastKnownFileType = sourcecode.cpp.h; path = Memory.hpp; sourceTree = "<group>"; };
		5604A8ED29448986000D3212 /* Macros.hpp */ = {isa = PBXFileReference; lastKnownFileType = sourcecode.cpp.h; path = Macros.hpp; sourceTree = "<group>"; };
		5604A8EF2944915F000D3212 /* hex */ = {isa = PBXFileReference; lastKnownFileType = folder; path = hex; sourceTree = "<group>"; };
		5604A8F329449D94000D3212 /* Func.cpp */ = {isa = PBXFileReference; lastKnownFileType = sourcecode.cpp.cpp; path = Func.cpp; sourceTree = "<group>"; };
		5604A8F429449D94000D3212 /* Func.hpp */ = {isa = PBXFileReference; lastKnownFileType = sourcecode.cpp.h; path = Func.hpp; sourceTree = "<group>"; };
		5604A8F62945BB57000D3212 /* Simulator.cpp */ = {isa = PBXFileReference; lastKnownFileType = sourcecode.cpp.cpp; path = Simulator.cpp; sourceTree = "<group>"; };
		5604A8F72945BB57000D3212 /* Simulator.hpp */ = {isa = PBXFileReference; lastKnownFileType = sourcecode.cpp.h; path = Simulator.hpp; sourceTree = "<group>"; };
		5604A9032945BDAF000D3212 /* Decode.cpp */ = {isa = PBXFileReference; lastKnownFileType = sourcecode.cpp.cpp; path = Decode.cpp; sourceTree = "<group>"; };
		5604A9042945BDAF000D3212 /* Decode.hpp */ = {isa = PBXFileReference; lastKnownFileType = sourcecode.cpp.h; path = Decode.hpp; sourceTree = "<group>"; };
		5604A9062945C3A0000D3212 /* Core.cpp */ = {isa = PBXFileReference; lastKnownFileType = sourcecode.cpp.cpp; path = Core.cpp; sourceTree = "<group>"; };
		5604A9072945C3A0000D3212 /* Core.hpp */ = {isa = PBXFileReference; lastKnownFileType = sourcecode.cpp.h; path = Core.hpp; sourceTree = "<group>"; };
		5604A9092945C6E7000D3212 /* Bus.cpp */ = {isa = PBXFileReference; lastKnownFileType = sourcecode.cpp.cpp; path = Bus.cpp; sourceTree = "<group>"; };
		5604A90A2945C6E7000D3212 /* Bus.hpp */ = {isa = PBXFileReference; lastKnownFileType = sourcecode.cpp.h; path = Bus.hpp; sourceTree = "<group>"; };
		5604A90D2945DDD2000D3212 /* Interfaces.hpp */ = {isa = PBXFileReference; lastKnownFileType = sourcecode.cpp.h; path = Interfaces.hpp; sourceTree = "<group>"; };
		5604A90F2945EA94000D3212 /* InstructionBlock.cpp */ = {isa = PBXFileReference; lastKnownFileType = sourcecode.cpp.cpp; path = InstructionBlock.cpp; sourceTree = "<group>"; };
		5604A9102945EA94000D3212 /* InstructionBlock.hpp */ = {isa = PBXFileReference; lastKnownFileType = sourcecode.cpp.h; path = InstructionBlock.hpp; sourceTree = "<group>"; };
		5604A9122945FB3E000D3212 /* PCGen.cpp */ = {isa = PBXFileReference; lastKnownFileType = sourcecode.cpp.cpp; path = PCGen.cpp; sourceTree = "<group>"; };
		5604A9132945FB3E000D3212 /* PCGen.hpp */ = {isa = PBXFileReference; lastKnownFileType = sourcecode.cpp.h; path = PCGen.hpp; sourceTree = "<group>"; };
		5604A9152945FD85000D3212 /* Fetch.cpp */ = {isa = PBXFileReference; lastKnownFileType = sourcecode.cpp.cpp; path = Fetch.cpp; sourceTree = "<group>"; };
		5604A9162945FD85000D3212 /* Fetch.hpp */ = {isa = PBXFileReference; lastKnownFileType = sourcecode.cpp.h; path = Fetch.hpp; sourceTree = "<group>"; };
		56211A8829443F3B005B34B2 /* Cmodel */ = {isa = PBXFileReference; explicitFileType = "compiled.mach-o.executable"; includeInIndex = 0; path = Cmodel; sourceTree = BUILT_PRODUCTS_DIR; };
		56211A8B29443F3B005B34B2 /* main.cpp */ = {isa = PBXFileReference; lastKnownFileType = sourcecode.cpp.cpp; path = main.cpp; sourceTree = "<group>"; };
		56211AA72944468A005B34B2 /* Consts.hpp */ = {isa = PBXFileReference; lastKnownFileType = sourcecode.cpp.h; path = Consts.hpp; sourceTree = "<group>"; };
/* End PBXFileReference section */

/* Begin PBXFrameworksBuildPhase section */
		56211A8529443F3B005B34B2 /* Frameworks */ = {
			isa = PBXFrameworksBuildPhase;
			buildActionMask = 2147483647;
			files = (
			);
			runOnlyForDeploymentPostprocessing = 0;
		};
/* End PBXFrameworksBuildPhase section */

/* Begin PBXGroup section */
		5604A8562944598C000D3212 /* Components */ = {
			isa = PBXGroup;
			children = (
				5604A8E92944814B000D3212 /* Memory.cpp */,
				5604A8EA2944814B000D3212 /* Memory.hpp */,
				5604A8F62945BB57000D3212 /* Simulator.cpp */,
				5604A8F72945BB57000D3212 /* Simulator.hpp */,
				5604A9062945C3A0000D3212 /* Core.cpp */,
				5604A9072945C3A0000D3212 /* Core.hpp */,
				5604A9092945C6E7000D3212 /* Bus.cpp */,
				5604A90A2945C6E7000D3212 /* Bus.hpp */,
				5604A90F2945EA94000D3212 /* InstructionBlock.cpp */,
				5604A9102945EA94000D3212 /* InstructionBlock.hpp */,
			);
			path = Components;
			sourceTree = "<group>";
		};
		5604A8A329447ED3000D3212 /* Utils */ = {
			isa = PBXGroup;
			children = (
				5604A8A429447EF1000D3212 /* test.cpp */,
				5604A8A529447EF1000D3212 /* test.hpp */,
				5604A8F329449D94000D3212 /* Func.cpp */,
				5604A8F429449D94000D3212 /* Func.hpp */,
			);
			path = Utils;
			sourceTree = "<group>";
		};
		5604A8FF2945BD72000D3212 /* Stage */ = {
			isa = PBXGroup;
			children = (
				5604A9122945FB3E000D3212 /* PCGen.cpp */,
				5604A9132945FB3E000D3212 /* PCGen.hpp */,
				5604A9152945FD85000D3212 /* Fetch.cpp */,
				5604A9162945FD85000D3212 /* Fetch.hpp */,
				5604A9032945BDAF000D3212 /* Decode.cpp */,
				5604A9042945BDAF000D3212 /* Decode.hpp */,
			);
			path = Stage;
			sourceTree = "<group>";
		};
		56211A7F29443F3B005B34B2 = {
			isa = PBXGroup;
			children = (
				56211A8A29443F3B005B34B2 /* Cmodel */,
				56211A8929443F3B005B34B2 /* Products */,
			);
			sourceTree = "<group>";
		};
		56211A8929443F3B005B34B2 /* Products */ = {
			isa = PBXGroup;
			children = (
				56211A8829443F3B005B34B2 /* Cmodel */,
			);
			name = Products;
			sourceTree = "<group>";
		};
		56211A8A29443F3B005B34B2 /* Cmodel */ = {
			isa = PBXGroup;
			children = (
				5604A8EF2944915F000D3212 /* hex */,
				5604A8A329447ED3000D3212 /* Utils */,
				5604A8FF2945BD72000D3212 /* Stage */,
				5604A8562944598C000D3212 /* Components */,
				56211AA529444677005B34B2 /* Parameters */,
				56211A8B29443F3B005B34B2 /* main.cpp */,
			);
			path = Cmodel;
			sourceTree = "<group>";
		};
		56211AA529444677005B34B2 /* Parameters */ = {
			isa = PBXGroup;
			children = (
				56211AA72944468A005B34B2 /* Consts.hpp */,
				5604A8ED29448986000D3212 /* Macros.hpp */,
				5604A90D2945DDD2000D3212 /* Interfaces.hpp */,
			);
			path = Parameters;
			sourceTree = "<group>";
		};
/* End PBXGroup section */

/* Begin PBXNativeTarget section */
		56211A8729443F3B005B34B2 /* Cmodel */ = {
			isa = PBXNativeTarget;
			buildConfigurationList = 56211A8F29443F3B005B34B2 /* Build configuration list for PBXNativeTarget "Cmodel" */;
			buildPhases = (
				56211A8429443F3B005B34B2 /* Sources */,
				56211A8529443F3B005B34B2 /* Frameworks */,
				56211A8629443F3B005B34B2 /* CopyFiles */,
			);
			buildRules = (
			);
			dependencies = (
			);
			name = Cmodel;
			productName = Cmodel;
			productReference = 56211A8829443F3B005B34B2 /* Cmodel */;
			productType = "com.apple.product-type.tool";
		};
/* End PBXNativeTarget section */

/* Begin PBXProject section */
		56211A8029443F3B005B34B2 /* Project object */ = {
			isa = PBXProject;
			attributes = {
				BuildIndependentTargetsInParallel = 1;
				LastUpgradeCheck = 1410;
				TargetAttributes = {
					56211A8729443F3B005B34B2 = {
						CreatedOnToolsVersion = 14.1;
					};
				};
			};
			buildConfigurationList = 56211A8329443F3B005B34B2 /* Build configuration list for PBXProject "Cmodel" */;
			compatibilityVersion = "Xcode 14.0";
			developmentRegion = en;
			hasScannedForEncodings = 0;
			knownRegions = (
				en,
				Base,
			);
			mainGroup = 56211A7F29443F3B005B34B2;
			productRefGroup = 56211A8929443F3B005B34B2 /* Products */;
			projectDirPath = "";
			projectRoot = "";
			targets = (
				56211A8729443F3B005B34B2 /* Cmodel */,
			);
		};
/* End PBXProject section */

/* Begin PBXSourcesBuildPhase section */
		56211A8429443F3B005B34B2 /* Sources */ = {
			isa = PBXSourcesBuildPhase;
			buildActionMask = 2147483647;
			files = (
				5604A9082945C3A0000D3212 /* Core.cpp in Sources */,
				5604A9172945FD85000D3212 /* Fetch.cpp in Sources */,
				5604A90B2945C6E7000D3212 /* Bus.cpp in Sources */,
				5604A8F82945BB57000D3212 /* Simulator.cpp in Sources */,
				56211A8C29443F3B005B34B2 /* main.cpp in Sources */,
				5604A9112945EA94000D3212 /* InstructionBlock.cpp in Sources */,
				5604A9142945FB3E000D3212 /* PCGen.cpp in Sources */,
				5604A8A629447EF1000D3212 /* test.cpp in Sources */,
				5604A8F529449D94000D3212 /* Func.cpp in Sources */,
				5604A8EB2944814B000D3212 /* Memory.cpp in Sources */,
				5604A9052945BDAF000D3212 /* Decode.cpp in Sources */,
			);
			runOnlyForDeploymentPostprocessing = 0;
		};
/* End PBXSourcesBuildPhase section */

/* Begin XCBuildConfiguration section */
		56211A8D29443F3B005B34B2 /* Debug */ = {
			isa = XCBuildConfiguration;
			buildSettings = {
				ALWAYS_SEARCH_USER_PATHS = NO;
				CLANG_ANALYZER_NONNULL = YES;
				CLANG_ANALYZER_NUMBER_OBJECT_CONVERSION = YES_AGGRESSIVE;
				CLANG_CXX_LANGUAGE_STANDARD = "gnu++20";
				CLANG_ENABLE_MODULES = YES;
				CLANG_ENABLE_OBJC_ARC = YES;
				CLANG_ENABLE_OBJC_WEAK = YES;
				CLANG_WARN_BLOCK_CAPTURE_AUTORELEASING = YES;
				CLANG_WARN_BOOL_CONVERSION = YES;
				CLANG_WARN_COMMA = YES;
				CLANG_WARN_CONSTANT_CONVERSION = YES;
				CLANG_WARN_DEPRECATED_OBJC_IMPLEMENTATIONS = YES;
				CLANG_WARN_DIRECT_OBJC_ISA_USAGE = YES_ERROR;
				CLANG_WARN_DOCUMENTATION_COMMENTS = YES;
				CLANG_WARN_EMPTY_BODY = YES;
				CLANG_WARN_ENUM_CONVERSION = YES;
				CLANG_WARN_INFINITE_RECURSION = YES;
				CLANG_WARN_INT_CONVERSION = YES;
				CLANG_WARN_NON_LITERAL_NULL_CONVERSION = YES;
				CLANG_WARN_OBJC_IMPLICIT_RETAIN_SELF = YES;
				CLANG_WARN_OBJC_LITERAL_CONVERSION = YES;
				CLANG_WARN_OBJC_ROOT_CLASS = YES_ERROR;
				CLANG_WARN_QUOTED_INCLUDE_IN_FRAMEWORK_HEADER = YES;
				CLANG_WARN_RANGE_LOOP_ANALYSIS = YES;
				CLANG_WARN_STRICT_PROTOTYPES = YES;
				CLANG_WARN_SUSPICIOUS_MOVE = YES;
				CLANG_WARN_UNGUARDED_AVAILABILITY = YES_AGGRESSIVE;
				CLANG_WARN_UNREACHABLE_CODE = YES;
				CLANG_WARN__DUPLICATE_METHOD_MATCH = YES;
				COPY_PHASE_STRIP = NO;
				DEBUG_INFORMATION_FORMAT = dwarf;
				ENABLE_STRICT_OBJC_MSGSEND = YES;
				ENABLE_TESTABILITY = YES;
				GCC_C_LANGUAGE_STANDARD = gnu11;
				GCC_DYNAMIC_NO_PIC = NO;
				GCC_NO_COMMON_BLOCKS = YES;
				GCC_OPTIMIZATION_LEVEL = 0;
				GCC_PREPROCESSOR_DEFINITIONS = (
					"DEBUG=1",
					"$(inherited)",
				);
				GCC_WARN_64_TO_32_BIT_CONVERSION = YES;
				GCC_WARN_ABOUT_RETURN_TYPE = YES_ERROR;
				GCC_WARN_UNDECLARED_SELECTOR = YES;
				GCC_WARN_UNINITIALIZED_AUTOS = YES_AGGRESSIVE;
				GCC_WARN_UNUSED_FUNCTION = YES;
				GCC_WARN_UNUSED_VARIABLE = YES;
				MACOSX_DEPLOYMENT_TARGET = 12.6;
				MTL_ENABLE_DEBUG_INFO = INCLUDE_SOURCE;
				MTL_FAST_MATH = YES;
				ONLY_ACTIVE_ARCH = YES;
				SDKROOT = macosx;
			};
			name = Debug;
		};
		56211A8E29443F3B005B34B2 /* Release */ = {
			isa = XCBuildConfiguration;
			buildSettings = {
				ALWAYS_SEARCH_USER_PATHS = NO;
				CLANG_ANALYZER_NONNULL = YES;
				CLANG_ANALYZER_NUMBER_OBJECT_CONVERSION = YES_AGGRESSIVE;
				CLANG_CXX_LANGUAGE_STANDARD = "gnu++20";
				CLANG_ENABLE_MODULES = YES;
				CLANG_ENABLE_OBJC_ARC = YES;
				CLANG_ENABLE_OBJC_WEAK = YES;
				CLANG_WARN_BLOCK_CAPTURE_AUTORELEASING = YES;
				CLANG_WARN_BOOL_CONVERSION = YES;
				CLANG_WARN_COMMA = YES;
				CLANG_WARN_CONSTANT_CONVERSION = YES;
				CLANG_WARN_DEPRECATED_OBJC_IMPLEMENTATIONS = YES;
				CLANG_WARN_DIRECT_OBJC_ISA_USAGE = YES_ERROR;
				CLANG_WARN_DOCUMENTATION_COMMENTS = YES;
				CLANG_WARN_EMPTY_BODY = YES;
				CLANG_WARN_ENUM_CONVERSION = YES;
				CLANG_WARN_INFINITE_RECURSION = YES;
				CLANG_WARN_INT_CONVERSION = YES;
				CLANG_WARN_NON_LITERAL_NULL_CONVERSION = YES;
				CLANG_WARN_OBJC_IMPLICIT_RETAIN_SELF = YES;
				CLANG_WARN_OBJC_LITERAL_CONVERSION = YES;
				CLANG_WARN_OBJC_ROOT_CLASS = YES_ERROR;
				CLANG_WARN_QUOTED_INCLUDE_IN_FRAMEWORK_HEADER = YES;
				CLANG_WARN_RANGE_LOOP_ANALYSIS = YES;
				CLANG_WARN_STRICT_PROTOTYPES = YES;
				CLANG_WARN_SUSPICIOUS_MOVE = YES;
				CLANG_WARN_UNGUARDED_AVAILABILITY = YES_AGGRESSIVE;
				CLANG_WARN_UNREACHABLE_CODE = YES;
				CLANG_WARN__DUPLICATE_METHOD_MATCH = YES;
				COPY_PHASE_STRIP = NO;
				DEBUG_INFORMATION_FORMAT = "dwarf-with-dsym";
				ENABLE_NS_ASSERTIONS = NO;
				ENABLE_STRICT_OBJC_MSGSEND = YES;
				GCC_C_LANGUAGE_STANDARD = gnu11;
				GCC_NO_COMMON_BLOCKS = YES;
				GCC_WARN_64_TO_32_BIT_CONVERSION = YES;
				GCC_WARN_ABOUT_RETURN_TYPE = YES_ERROR;
				GCC_WARN_UNDECLARED_SELECTOR = YES;
				GCC_WARN_UNINITIALIZED_AUTOS = YES_AGGRESSIVE;
				GCC_WARN_UNUSED_FUNCTION = YES;
				GCC_WARN_UNUSED_VARIABLE = YES;
				MACOSX_DEPLOYMENT_TARGET = 12.6;
				MTL_ENABLE_DEBUG_INFO = NO;
				MTL_FAST_MATH = YES;
				SDKROOT = macosx;
			};
			name = Release;
		};
		56211A9029443F3B005B34B2 /* Debug */ = {
			isa = XCBuildConfiguration;
			buildSettings = {
				ALWAYS_SEARCH_USER_PATHS = NO;
				CODE_SIGN_STYLE = Automatic;
				HEADER_SEARCH_PATHS = "";
				PRODUCT_NAME = "$(TARGET_NAME)";
				SYSTEM_HEADER_SEARCH_PATHS = "";
				USER_HEADER_SEARCH_PATHS = "";
			};
			name = Debug;
		};
		56211A9129443F3B005B34B2 /* Release */ = {
			isa = XCBuildConfiguration;
			buildSettings = {
				ALWAYS_SEARCH_USER_PATHS = NO;
				CODE_SIGN_STYLE = Automatic;
				HEADER_SEARCH_PATHS = "";
				PRODUCT_NAME = "$(TARGET_NAME)";
				SYSTEM_HEADER_SEARCH_PATHS = "";
				USER_HEADER_SEARCH_PATHS = "";
			};
			name = Release;
		};
/* End XCBuildConfiguration section */

/* Begin XCConfigurationList section */
		56211A8329443F3B005B34B2 /* Build configuration list for PBXProject "Cmodel" */ = {
			isa = XCConfigurationList;
			buildConfigurations = (
				56211A8D29443F3B005B34B2 /* Debug */,
				56211A8E29443F3B005B34B2 /* Release */,
			);
			defaultConfigurationIsVisible = 0;
			defaultConfigurationName = Release;
		};
		56211A8F29443F3B005B34B2 /* Build configuration list for PBXNativeTarget "Cmodel" */ = {
			isa = XCConfigurationList;
			buildConfigurations = (
				56211A9029443F3B005B34B2 /* Debug */,
				56211A9129443F3B005B34B2 /* Release */,
			);
			defaultConfigurationIsVisible = 0;
			defaultConfigurationName = Release;
		};
/* End XCConfigurationList section */
	};
	rootObject = 56211A8029443F3B005B34B2 /* Project object */;
}
